// !$*UTF8*$!
{
	archiveVersion = 1;
	classes = {
	};
	objectVersion = 56;
	objects = {

/* Begin PBXBuildFile section */
		5C543C9529300A1100308464 /* Charts in Frameworks */ = {isa = PBXBuildFile; productRef = 5C543C9429300A1100308464 /* Charts */; };
		5C7E9AFF293035490030C3C9 /* DayValueFormatter.swift in Sources */ = {isa = PBXBuildFile; fileRef = 5C7E9AFE293035490030C3C9 /* DayValueFormatter.swift */; };
		5C7E9B01293038600030C3C9 /* SwiftLoader.swift in Sources */ = {isa = PBXBuildFile; fileRef = 5C7E9B00293038600030C3C9 /* SwiftLoader.swift */; };
		5CB83D71292FEC600088F5FE /* AppDelegate.swift in Sources */ = {isa = PBXBuildFile; fileRef = 5CB83D70292FEC600088F5FE /* AppDelegate.swift */; };
		5CB83D73292FEC600088F5FE /* SceneDelegate.swift in Sources */ = {isa = PBXBuildFile; fileRef = 5CB83D72292FEC600088F5FE /* SceneDelegate.swift */; };
		5CB83D75292FEC600088F5FE /* ViewController.swift in Sources */ = {isa = PBXBuildFile; fileRef = 5CB83D74292FEC600088F5FE /* ViewController.swift */; };
		5CB83D78292FEC600088F5FE /* Main.storyboard in Resources */ = {isa = PBXBuildFile; fileRef = 5CB83D76292FEC600088F5FE /* Main.storyboard */; };
		5CB83D7A292FEC640088F5FE /* Assets.xcassets in Resources */ = {isa = PBXBuildFile; fileRef = 5CB83D79292FEC640088F5FE /* Assets.xcassets */; };
		5CB83D7D292FEC640088F5FE /* LaunchScreen.storyboard in Resources */ = {isa = PBXBuildFile; fileRef = 5CB83D7B292FEC640088F5FE /* LaunchScreen.storyboard */; };
		5CB83D88292FEC640088F5FE /* AsteroidGraphAppTests.swift in Sources */ = {isa = PBXBuildFile; fileRef = 5CB83D87292FEC640088F5FE /* AsteroidGraphAppTests.swift */; };
		5CB83D92292FEC640088F5FE /* AsteroidGraphAppUITests.swift in Sources */ = {isa = PBXBuildFile; fileRef = 5CB83D91292FEC640088F5FE /* AsteroidGraphAppUITests.swift */; };
		5CB83D94292FEC640088F5FE /* AsteroidGraphAppUITestsLaunchTests.swift in Sources */ = {isa = PBXBuildFile; fileRef = 5CB83D93292FEC640088F5FE /* AsteroidGraphAppUITestsLaunchTests.swift */; };
		5CB83DA2292FEC890088F5FE /* Alamofire in Frameworks */ = {isa = PBXBuildFile; productRef = 5CB83DA1292FEC890088F5FE /* Alamofire */; };
		5CB83DA5292FECA60088F5FE /* Model.swift in Sources */ = {isa = PBXBuildFile; fileRef = 5CB83DA4292FECA60088F5FE /* Model.swift */; };
		5CB83DAB292FFBEE0088F5FE /* BarExtension.swift in Sources */ = {isa = PBXBuildFile; fileRef = 5CB83DAA292FFBEE0088F5FE /* BarExtension.swift */; };
/* End PBXBuildFile section */

/* Begin PBXContainerItemProxy section */
		5CB83D84292FEC640088F5FE /* PBXContainerItemProxy */ = {
			isa = PBXContainerItemProxy;
			containerPortal = 5CB83D65292FEC600088F5FE /* Project object */;
			proxyType = 1;
			remoteGlobalIDString = 5CB83D6C292FEC600088F5FE;
			remoteInfo = AsteroidGraphApp;
		};
		5CB83D8E292FEC640088F5FE /* PBXContainerItemProxy */ = {
			isa = PBXContainerItemProxy;
			containerPortal = 5CB83D65292FEC600088F5FE /* Project object */;
			proxyType = 1;
			remoteGlobalIDString = 5CB83D6C292FEC600088F5FE;
			remoteInfo = AsteroidGraphApp;
		};
/* End PBXContainerItemProxy section */

/* Begin PBXFileReference section */
		5C7E9AFE293035490030C3C9 /* DayValueFormatter.swift */ = {isa = PBXFileReference; lastKnownFileType = sourcecode.swift; path = DayValueFormatter.swift; sourceTree = "<group>"; };
		5C7E9B00293038600030C3C9 /* SwiftLoader.swift */ = {isa = PBXFileReference; lastKnownFileType = sourcecode.swift; path = SwiftLoader.swift; sourceTree = "<group>"; };
		5CB83D6D292FEC600088F5FE /* AsteroidGraphApp.app */ = {isa = PBXFileReference; explicitFileType = wrapper.application; includeInIndex = 0; path = AsteroidGraphApp.app; sourceTree = BUILT_PRODUCTS_DIR; };
		5CB83D70292FEC600088F5FE /* AppDelegate.swift */ = {isa = PBXFileReference; lastKnownFileType = sourcecode.swift; path = AppDelegate.swift; sourceTree = "<group>"; };
		5CB83D72292FEC600088F5FE /* SceneDelegate.swift */ = {isa = PBXFileReference; lastKnownFileType = sourcecode.swift; path = SceneDelegate.swift; sourceTree = "<group>"; };
		5CB83D74292FEC600088F5FE /* ViewController.swift */ = {isa = PBXFileReference; lastKnownFileType = sourcecode.swift; path = ViewController.swift; sourceTree = "<group>"; };
		5CB83D77292FEC600088F5FE /* Base */ = {isa = PBXFileReference; lastKnownFileType = file.storyboard; name = Base; path = Base.lproj/Main.storyboard; sourceTree = "<group>"; };
		5CB83D79292FEC640088F5FE /* Assets.xcassets */ = {isa = PBXFileReference; lastKnownFileType = folder.assetcatalog; path = Assets.xcassets; sourceTree = "<group>"; };
		5CB83D7C292FEC640088F5FE /* Base */ = {isa = PBXFileReference; lastKnownFileType = file.storyboard; name = Base; path = Base.lproj/LaunchScreen.storyboard; sourceTree = "<group>"; };
		5CB83D7E292FEC640088F5FE /* Info.plist */ = {isa = PBXFileReference; lastKnownFileType = text.plist.xml; path = Info.plist; sourceTree = "<group>"; };
		5CB83D83292FEC640088F5FE /* AsteroidGraphAppTests.xctest */ = {isa = PBXFileReference; explicitFileType = wrapper.cfbundle; includeInIndex = 0; path = AsteroidGraphAppTests.xctest; sourceTree = BUILT_PRODUCTS_DIR; };
		5CB83D87292FEC640088F5FE /* AsteroidGraphAppTests.swift */ = {isa = PBXFileReference; lastKnownFileType = sourcecode.swift; path = AsteroidGraphAppTests.swift; sourceTree = "<group>"; };
		5CB83D8D292FEC640088F5FE /* AsteroidGraphAppUITests.xctest */ = {isa = PBXFileReference; explicitFileType = wrapper.cfbundle; includeInIndex = 0; path = AsteroidGraphAppUITests.xctest; sourceTree = BUILT_PRODUCTS_DIR; };
		5CB83D91292FEC640088F5FE /* AsteroidGraphAppUITests.swift */ = {isa = PBXFileReference; lastKnownFileType = sourcecode.swift; path = AsteroidGraphAppUITests.swift; sourceTree = "<group>"; };
		5CB83D93292FEC640088F5FE /* AsteroidGraphAppUITestsLaunchTests.swift */ = {isa = PBXFileReference; lastKnownFileType = sourcecode.swift; path = AsteroidGraphAppUITestsLaunchTests.swift; sourceTree = "<group>"; };
		5CB83DA4292FECA60088F5FE /* Model.swift */ = {isa = PBXFileReference; lastKnownFileType = sourcecode.swift; path = Model.swift; sourceTree = "<group>"; };
		5CB83DAA292FFBEE0088F5FE /* BarExtension.swift */ = {isa = PBXFileReference; lastKnownFileType = sourcecode.swift; path = BarExtension.swift; sourceTree = "<group>"; };
/* End PBXFileReference section */

/* Begin PBXFrameworksBuildPhase section */
		5CB83D6A292FEC600088F5FE /* Frameworks */ = {
			isa = PBXFrameworksBuildPhase;
			buildActionMask = 2147483647;
			files = (
				5CB83DA2292FEC890088F5FE /* Alamofire in Frameworks */,
				5C543C9529300A1100308464 /* Charts in Frameworks */,
			);
			runOnlyForDeploymentPostprocessing = 0;
		};
		5CB83D80292FEC640088F5FE /* Frameworks */ = {
			isa = PBXFrameworksBuildPhase;
			buildActionMask = 2147483647;
			files = (
			);
			runOnlyForDeploymentPostprocessing = 0;
		};
		5CB83D8A292FEC640088F5FE /* Frameworks */ = {
			isa = PBXFrameworksBuildPhase;
			buildActionMask = 2147483647;
			files = (
			);
			runOnlyForDeploymentPostprocessing = 0;
		};
/* End PBXFrameworksBuildPhase section */

/* Begin PBXGroup section */
		5CB83D64292FEC600088F5FE = {
			isa = PBXGroup;
			children = (
				5CB83D6F292FEC600088F5FE /* AsteroidGraphApp */,
				5CB83D86292FEC640088F5FE /* AsteroidGraphAppTests */,
				5CB83D90292FEC640088F5FE /* AsteroidGraphAppUITests */,
				5CB83D6E292FEC600088F5FE /* Products */,
			);
			sourceTree = "<group>";
		};
		5CB83D6E292FEC600088F5FE /* Products */ = {
			isa = PBXGroup;
			children = (
				5CB83D6D292FEC600088F5FE /* AsteroidGraphApp.app */,
				5CB83D83292FEC640088F5FE /* AsteroidGraphAppTests.xctest */,
				5CB83D8D292FEC640088F5FE /* AsteroidGraphAppUITests.xctest */,
			);
			name = Products;
			sourceTree = "<group>";
		};
		5CB83D6F292FEC600088F5FE /* AsteroidGraphApp */ = {
			isa = PBXGroup;
			children = (
				5CB83DA9292FFBE10088F5FE /* Extension */,
				5CB83DA3292FEC9C0088F5FE /* Model */,
				5CB83D70292FEC600088F5FE /* AppDelegate.swift */,
				5CB83D72292FEC600088F5FE /* SceneDelegate.swift */,
				5CB83D74292FEC600088F5FE /* ViewController.swift */,
				5CB83D76292FEC600088F5FE /* Main.storyboard */,
				5CB83D79292FEC640088F5FE /* Assets.xcassets */,
				5CB83D7B292FEC640088F5FE /* LaunchScreen.storyboard */,
				5CB83D7E292FEC640088F5FE /* Info.plist */,
			);
			path = AsteroidGraphApp;
			sourceTree = "<group>";
		};
		5CB83D86292FEC640088F5FE /* AsteroidGraphAppTests */ = {
			isa = PBXGroup;
			children = (
				5CB83D87292FEC640088F5FE /* AsteroidGraphAppTests.swift */,
			);
			path = AsteroidGraphAppTests;
			sourceTree = "<group>";
		};
		5CB83D90292FEC640088F5FE /* AsteroidGraphAppUITests */ = {
			isa = PBXGroup;
			children = (
				5CB83D91292FEC640088F5FE /* AsteroidGraphAppUITests.swift */,
				5CB83D93292FEC640088F5FE /* AsteroidGraphAppUITestsLaunchTests.swift */,
			);
			path = AsteroidGraphAppUITests;
			sourceTree = "<group>";
		};
		5CB83DA3292FEC9C0088F5FE /* Model */ = {
			isa = PBXGroup;
			children = (
				5CB83DA4292FECA60088F5FE /* Model.swift */,
			);
			path = Model;
			sourceTree = "<group>";
		};
		5CB83DA9292FFBE10088F5FE /* Extension */ = {
			isa = PBXGroup;
			children = (
				5CB83DAA292FFBEE0088F5FE /* BarExtension.swift */,
				5C7E9AFE293035490030C3C9 /* DayValueFormatter.swift */,
				5C7E9B00293038600030C3C9 /* SwiftLoader.swift */,
			);
			path = Extension;
			sourceTree = "<group>";
		};
/* End PBXGroup section */

/* Begin PBXNativeTarget section */
		5CB83D6C292FEC600088F5FE /* AsteroidGraphApp */ = {
			isa = PBXNativeTarget;
			buildConfigurationList = 5CB83D97292FEC640088F5FE /* Build configuration list for PBXNativeTarget "AsteroidGraphApp" */;
			buildPhases = (
				5CB83D69292FEC600088F5FE /* Sources */,
				5CB83D6A292FEC600088F5FE /* Frameworks */,
				5CB83D6B292FEC600088F5FE /* Resources */,
			);
			buildRules = (
			);
			dependencies = (
			);
			name = AsteroidGraphApp;
			packageProductDependencies = (
				5CB83DA1292FEC890088F5FE /* Alamofire */,
				5C543C9429300A1100308464 /* Charts */,
			);
			productName = AsteroidGraphApp;
			productReference = 5CB83D6D292FEC600088F5FE /* AsteroidGraphApp.app */;
			productType = "com.apple.product-type.application";
		};
		5CB83D82292FEC640088F5FE /* AsteroidGraphAppTests */ = {
			isa = PBXNativeTarget;
			buildConfigurationList = 5CB83D9A292FEC640088F5FE /* Build configuration list for PBXNativeTarget "AsteroidGraphAppTests" */;
			buildPhases = (
				5CB83D7F292FEC640088F5FE /* Sources */,
				5CB83D80292FEC640088F5FE /* Frameworks */,
				5CB83D81292FEC640088F5FE /* Resources */,
			);
			buildRules = (
			);
			dependencies = (
				5CB83D85292FEC640088F5FE /* PBXTargetDependency */,
			);
			name = AsteroidGraphAppTests;
			productName = AsteroidGraphAppTests;
			productReference = 5CB83D83292FEC640088F5FE /* AsteroidGraphAppTests.xctest */;
			productType = "com.apple.product-type.bundle.unit-test";
		};
		5CB83D8C292FEC640088F5FE /* AsteroidGraphAppUITests */ = {
			isa = PBXNativeTarget;
			buildConfigurationList = 5CB83D9D292FEC640088F5FE /* Build configuration list for PBXNativeTarget "AsteroidGraphAppUITests" */;
			buildPhases = (
				5CB83D89292FEC640088F5FE /* Sources */,
				5CB83D8A292FEC640088F5FE /* Frameworks */,
				5CB83D8B292FEC640088F5FE /* Resources */,
			);
			buildRules = (
			);
			dependencies = (
				5CB83D8F292FEC640088F5FE /* PBXTargetDependency */,
			);
			name = AsteroidGraphAppUITests;
			productName = AsteroidGraphAppUITests;
			productReference = 5CB83D8D292FEC640088F5FE /* AsteroidGraphAppUITests.xctest */;
			productType = "com.apple.product-type.bundle.ui-testing";
		};
/* End PBXNativeTarget section */

/* Begin PBXProject section */
		5CB83D65292FEC600088F5FE /* Project object */ = {
			isa = PBXProject;
			attributes = {
				BuildIndependentTargetsInParallel = 1;
				LastSwiftUpdateCheck = 1410;
				LastUpgradeCheck = 1410;
				TargetAttributes = {
					5CB83D6C292FEC600088F5FE = {
						CreatedOnToolsVersion = 14.1;
					};
					5CB83D82292FEC640088F5FE = {
						CreatedOnToolsVersion = 14.1;
						TestTargetID = 5CB83D6C292FEC600088F5FE;
					};
					5CB83D8C292FEC640088F5FE = {
						CreatedOnToolsVersion = 14.1;
						TestTargetID = 5CB83D6C292FEC600088F5FE;
					};
				};
			};
			buildConfigurationList = 5CB83D68292FEC600088F5FE /* Build configuration list for PBXProject "AsteroidGraphApp" */;
			compatibilityVersion = "Xcode 14.0";
			developmentRegion = en;
			hasScannedForEncodings = 0;
			knownRegions = (
				en,
				Base,
			);
			mainGroup = 5CB83D64292FEC600088F5FE;
			packageReferences = (
				5CB83DA0292FEC890088F5FE /* XCRemoteSwiftPackageReference "Alamofire" */,
				5C543C9329300A1100308464 /* XCRemoteSwiftPackageReference "Charts" */,
			);
			productRefGroup = 5CB83D6E292FEC600088F5FE /* Products */;
			projectDirPath = "";
			projectRoot = "";
			targets = (
				5CB83D6C292FEC600088F5FE /* AsteroidGraphApp */,
				5CB83D82292FEC640088F5FE /* AsteroidGraphAppTests */,
				5CB83D8C292FEC640088F5FE /* AsteroidGraphAppUITests */,
			);
		};
/* End PBXProject section */

/* Begin PBXResourcesBuildPhase section */
		5CB83D6B292FEC600088F5FE /* Resources */ = {
			isa = PBXResourcesBuildPhase;
			buildActionMask = 2147483647;
			files = (
				5CB83D7D292FEC640088F5FE /* LaunchScreen.storyboard in Resources */,
				5CB83D7A292FEC640088F5FE /* Assets.xcassets in Resources */,
				5CB83D78292FEC600088F5FE /* Main.storyboard in Resources */,
			);
			runOnlyForDeploymentPostprocessing = 0;
		};
		5CB83D81292FEC640088F5FE /* Resources */ = {
			isa = PBXResourcesBuildPhase;
			buildActionMask = 2147483647;
			files = (
			);
			runOnlyForDeploymentPostprocessing = 0;
		};
		5CB83D8B292FEC640088F5FE /* Resources */ = {
			isa = PBXResourcesBuildPhase;
			buildActionMask = 2147483647;
			files = (
			);
			runOnlyForDeploymentPostprocessing = 0;
		};
/* End PBXResourcesBuildPhase section */

/* Begin PBXSourcesBuildPhase section */
		5CB83D69292FEC600088F5FE /* Sources */ = {
			isa = PBXSourcesBuildPhase;
			buildActionMask = 2147483647;
			files = (
				5CB83D75292FEC600088F5FE /* ViewController.swift in Sources */,
				5CB83D71292FEC600088F5FE /* AppDelegate.swift in Sources */,
				5CB83DAB292FFBEE0088F5FE /* BarExtension.swift in Sources */,
				5CB83D73292FEC600088F5FE /* SceneDelegate.swift in Sources */,
				5C7E9B01293038600030C3C9 /* SwiftLoader.swift in Sources */,
				5CB83DA5292FECA60088F5FE /* Model.swift in Sources */,
				5C7E9AFF293035490030C3C9 /* DayValueFormatter.swift in Sources */,
			);
			runOnlyForDeploymentPostprocessing = 0;
		};
		5CB83D7F292FEC640088F5FE /* Sources */ = {
			isa = PBXSourcesBuildPhase;
			buildActionMask = 2147483647;
			files = (
				5CB83D88292FEC640088F5FE /* AsteroidGraphAppTests.swift in Sources */,
			);
			runOnlyForDeploymentPostprocessing = 0;
		};
		5CB83D89292FEC640088F5FE /* Sources */ = {
			isa = PBXSourcesBuildPhase;
			buildActionMask = 2147483647;
			files = (
				5CB83D94292FEC640088F5FE /* AsteroidGraphAppUITestsLaunchTests.swift in Sources */,
				5CB83D92292FEC640088F5FE /* AsteroidGraphAppUITests.swift in Sources */,
			);
			runOnlyForDeploymentPostprocessing = 0;
		};
/* End PBXSourcesBuildPhase section */

/* Begin PBXTargetDependency section */
		5CB83D85292FEC640088F5FE /* PBXTargetDependency */ = {
			isa = PBXTargetDependency;
			target = 5CB83D6C292FEC600088F5FE /* AsteroidGraphApp */;
			targetProxy = 5CB83D84292FEC640088F5FE /* PBXContainerItemProxy */;
		};
		5CB83D8F292FEC640088F5FE /* PBXTargetDependency */ = {
			isa = PBXTargetDependency;
			target = 5CB83D6C292FEC600088F5FE /* AsteroidGraphApp */;
			targetProxy = 5CB83D8E292FEC640088F5FE /* PBXContainerItemProxy */;
		};
/* End PBXTargetDependency section */

/* Begin PBXVariantGroup section */
		5CB83D76292FEC600088F5FE /* Main.storyboard */ = {
			isa = PBXVariantGroup;
			children = (
				5CB83D77292FEC600088F5FE /* Base */,
			);
			name = Main.storyboard;
			sourceTree = "<group>";
		};
		5CB83D7B292FEC640088F5FE /* LaunchScreen.storyboard */ = {
			isa = PBXVariantGroup;
			children = (
				5CB83D7C292FEC640088F5FE /* Base */,
			);
			name = LaunchScreen.storyboard;
			sourceTree = "<group>";
		};
/* End PBXVariantGroup section */

/* Begin XCBuildConfiguration section */
		5CB83D95292FEC640088F5FE /* Debug */ = {
			isa = XCBuildConfiguration;
			buildSettings = {
				ALWAYS_SEARCH_USER_PATHS = NO;
				CLANG_ANALYZER_NONNULL = YES;
				CLANG_ANALYZER_NUMBER_OBJECT_CONVERSION = YES_AGGRESSIVE;
				CLANG_CXX_LANGUAGE_STANDARD = "gnu++20";
				CLANG_ENABLE_MODULES = YES;
				CLANG_ENABLE_OBJC_ARC = YES;
				CLANG_ENABLE_OBJC_WEAK = YES;
				CLANG_WARN_BLOCK_CAPTURE_AUTORELEASING = YES;
				CLANG_WARN_BOOL_CONVERSION = YES;
				CLANG_WARN_COMMA = YES;
				CLANG_WARN_CONSTANT_CONVERSION = YES;
				CLANG_WARN_DEPRECATED_OBJC_IMPLEMENTATIONS = YES;
				CLANG_WARN_DIRECT_OBJC_ISA_USAGE = YES_ERROR;
				CLANG_WARN_DOCUMENTATION_COMMENTS = YES;
				CLANG_WARN_EMPTY_BODY = YES;
				CLANG_WARN_ENUM_CONVERSION = YES;
				CLANG_WARN_INFINITE_RECURSION = YES;
				CLANG_WARN_INT_CONVERSION = YES;
				CLANG_WARN_NON_LITERAL_NULL_CONVERSION = YES;
				CLANG_WARN_OBJC_IMPLICIT_RETAIN_SELF = YES;
				CLANG_WARN_OBJC_LITERAL_CONVERSION = YES;
				CLANG_WARN_OBJC_ROOT_CLASS = YES_ERROR;
				CLANG_WARN_QUOTED_INCLUDE_IN_FRAMEWORK_HEADER = YES;
				CLANG_WARN_RANGE_LOOP_ANALYSIS = YES;
				CLANG_WARN_STRICT_PROTOTYPES = YES;
				CLANG_WARN_SUSPICIOUS_MOVE = YES;
				CLANG_WARN_UNGUARDED_AVAILABILITY = YES_AGGRESSIVE;
				CLANG_WARN_UNREACHABLE_CODE = YES;
				CLANG_WARN__DUPLICATE_METHOD_MATCH = YES;
				COPY_PHASE_STRIP = NO;
				DEBUG_INFORMATION_FORMAT = dwarf;
				ENABLE_STRICT_OBJC_MSGSEND = YES;
				ENABLE_TESTABILITY = YES;
				GCC_C_LANGUAGE_STANDARD = gnu11;
				GCC_DYNAMIC_NO_PIC = NO;
				GCC_NO_COMMON_BLOCKS = YES;
				GCC_OPTIMIZATION_LEVEL = 0;
				GCC_PREPROCESSOR_DEFINITIONS = (
					"DEBUG=1",
					"$(inherited)",
				);
				GCC_WARN_64_TO_32_BIT_CONVERSION = YES;
				GCC_WARN_ABOUT_RETURN_TYPE = YES_ERROR;
				GCC_WARN_UNDECLARED_SELECTOR = YES;
				GCC_WARN_UNINITIALIZED_AUTOS = YES_AGGRESSIVE;
				GCC_WARN_UNUSED_FUNCTION = YES;
				GCC_WARN_UNUSED_VARIABLE = YES;
				IPHONEOS_DEPLOYMENT_TARGET = 16.1;
				MTL_ENABLE_DEBUG_INFO = INCLUDE_SOURCE;
				MTL_FAST_MATH = YES;
				ONLY_ACTIVE_ARCH = YES;
				SDKROOT = iphoneos;
				SWIFT_ACTIVE_COMPILATION_CONDITIONS = DEBUG;
				SWIFT_OPTIMIZATION_LEVEL = "-Onone";
			};
			name = Debug;
		};
		5CB83D96292FEC640088F5FE /* Release */ = {
			isa = XCBuildConfiguration;
			buildSettings = {
				ALWAYS_SEARCH_USER_PATHS = NO;
				CLANG_ANALYZER_NONNULL = YES;
				CLANG_ANALYZER_NUMBER_OBJECT_CONVERSION = YES_AGGRESSIVE;
				CLANG_CXX_LANGUAGE_STANDARD = "gnu++20";
				CLANG_ENABLE_MODULES = YES;
				CLANG_ENABLE_OBJC_ARC = YES;
				CLANG_ENABLE_OBJC_WEAK = YES;
				CLANG_WARN_BLOCK_CAPTURE_AUTORELEASING = YES;
				CLANG_WARN_BOOL_CONVERSION = YES;
				CLANG_WARN_COMMA = YES;
				CLANG_WARN_CONSTANT_CONVERSION = YES;
				CLANG_WARN_DEPRECATED_OBJC_IMPLEMENTATIONS = YES;
				CLANG_WARN_DIRECT_OBJC_ISA_USAGE = YES_ERROR;
				CLANG_WARN_DOCUMENTATION_COMMENTS = YES;
				CLANG_WARN_EMPTY_BODY = YES;
				CLANG_WARN_ENUM_CONVERSION = YES;
				CLANG_WARN_INFINITE_RECURSION = YES;
				CLANG_WARN_INT_CONVERSION = YES;
				CLANG_WARN_NON_LITERAL_NULL_CONVERSION = YES;
				CLANG_WARN_OBJC_IMPLICIT_RETAIN_SELF = YES;
				CLANG_WARN_OBJC_LITERAL_CONVERSION = YES;
				CLANG_WARN_OBJC_ROOT_CLASS = YES_ERROR;
				CLANG_WARN_QUOTED_INCLUDE_IN_FRAMEWORK_HEADER = YES;
				CLANG_WARN_RANGE_LOOP_ANALYSIS = YES;
				CLANG_WARN_STRICT_PROTOTYPES = YES;
				CLANG_WARN_SUSPICIOUS_MOVE = YES;
				CLANG_WARN_UNGUARDED_AVAILABILITY = YES_AGGRESSIVE;
				CLANG_WARN_UNREACHABLE_CODE = YES;
				CLANG_WARN__DUPLICATE_METHOD_MATCH = YES;
				COPY_PHASE_STRIP = NO;
				DEBUG_INFORMATION_FORMAT = "dwarf-with-dsym";
				ENABLE_NS_ASSERTIONS = NO;
				ENABLE_STRICT_OBJC_MSGSEND = YES;
				GCC_C_LANGUAGE_STANDARD = gnu11;
				GCC_NO_COMMON_BLOCKS = YES;
				GCC_WARN_64_TO_32_BIT_CONVERSION = YES;
				GCC_WARN_ABOUT_RETURN_TYPE = YES_ERROR;
				GCC_WARN_UNDECLARED_SELECTOR = YES;
				GCC_WARN_UNINITIALIZED_AUTOS = YES_AGGRESSIVE;
				GCC_WARN_UNUSED_FUNCTION = YES;
				GCC_WARN_UNUSED_VARIABLE = YES;
				IPHONEOS_DEPLOYMENT_TARGET = 16.1;
				MTL_ENABLE_DEBUG_INFO = NO;
				MTL_FAST_MATH = YES;
				SDKROOT = iphoneos;
				SWIFT_COMPILATION_MODE = wholemodule;
				SWIFT_OPTIMIZATION_LEVEL = "-O";
				VALIDATE_PRODUCT = YES;
			};
			name = Release;
		};
		5CB83D98292FEC640088F5FE /* Debug */ = {
			isa = XCBuildConfiguration;
			buildSettings = {
				ASSETCATALOG_COMPILER_APPICON_NAME = AppIcon;
				ASSETCATALOG_COMPILER_GLOBAL_ACCENT_COLOR_NAME = AccentColor;
				CODE_SIGN_STYLE = Automatic;
				CURRENT_PROJECT_VERSION = 1;
				GENERATE_INFOPLIST_FILE = YES;
				INFOPLIST_FILE = AsteroidGraphApp/Info.plist;
				INFOPLIST_KEY_UIApplicationSupportsIndirectInputEvents = YES;
				INFOPLIST_KEY_UILaunchStoryboardName = LaunchScreen;
				INFOPLIST_KEY_UIMainStoryboardFile = Main;
				INFOPLIST_KEY_UISupportedInterfaceOrientations_iPad = "UIInterfaceOrientationPortrait UIInterfaceOrientationPortraitUpsideDown UIInterfaceOrientationLandscapeLeft UIInterfaceOrientationLandscapeRight";
				INFOPLIST_KEY_UISupportedInterfaceOrientations_iPhone = "UIInterfaceOrientationPortrait UIInterfaceOrientationLandscapeLeft UIInterfaceOrientationLandscapeRight";
				LD_RUNPATH_SEARCH_PATHS = (
					"$(inherited)",
					"@executable_path/Frameworks",
				);
				MARKETING_VERSION = 1.0;
				PRODUCT_BUNDLE_IDENTIFIER = com.apiTestDemo.AsteroidGraphApp;
				PRODUCT_NAME = "$(TARGET_NAME)";
				SWIFT_EMIT_LOC_STRINGS = YES;
				SWIFT_VERSION = 5.0;
				TARGETED_DEVICE_FAMILY = "1,2";
			};
			name = Debug;
		};
		5CB83D99292FEC640088F5FE /* Release */ = {
			isa = XCBuildConfiguration;
			buildSettings = {
				ASSETCATALOG_COMPILER_APPICON_NAME = AppIcon;
				ASSETCATALOG_COMPILER_GLOBAL_ACCENT_COLOR_NAME = AccentColor;
				CODE_SIGN_STYLE = Automatic;
				CURRENT_PROJECT_VERSION = 1;
				GENERATE_INFOPLIST_FILE = YES;
				INFOPLIST_FILE = AsteroidGraphApp/Info.plist;
				INFOPLIST_KEY_UIApplicationSupportsIndirectInputEvents = YES;
				INFOPLIST_KEY_UILaunchStoryboardName = LaunchScreen;
				INFOPLIST_KEY_UIMainStoryboardFile = Main;
				INFOPLIST_KEY_UISupportedInterfaceOrientations_iPad = "UIInterfaceOrientationPortrait UIInterfaceOrientationPortraitUpsideDown UIInterfaceOrientationLandscapeLeft UIInterfaceOrientationLandscapeRight";
				INFOPLIST_KEY_UISupportedInterfaceOrientations_iPhone = "UIInterfaceOrientationPortrait UIInterfaceOrientationLandscapeLeft UIInterfaceOrientationLandscapeRight";
				LD_RUNPATH_SEARCH_PATHS = (
					"$(inherited)",
					"@executable_path/Frameworks",
				);
				MARKETING_VERSION = 1.0;
				PRODUCT_BUNDLE_IDENTIFIER = com.apiTestDemo.AsteroidGraphApp;
				PRODUCT_NAME = "$(TARGET_NAME)";
				SWIFT_EMIT_LOC_STRINGS = YES;
				SWIFT_VERSION = 5.0;
				TARGETED_DEVICE_FAMILY = "1,2";
			};
			name = Release;
		};
		5CB83D9B292FEC640088F5FE /* Debug */ = {
			isa = XCBuildConfiguration;
			buildSettings = {
				ALWAYS_EMBED_SWIFT_STANDARD_LIBRARIES = YES;
				BUNDLE_LOADER = "$(TEST_HOST)";
				CODE_SIGN_STYLE = Automatic;
				CURRENT_PROJECT_VERSION = 1;
				GENERATE_INFOPLIST_FILE = YES;
				IPHONEOS_DEPLOYMENT_TARGET = 16.1;
				MARKETING_VERSION = 1.0;
				PRODUCT_BUNDLE_IDENTIFIER = com.apiTestDemo.AsteroidGraphAppTests;
				PRODUCT_NAME = "$(TARGET_NAME)";
				SWIFT_EMIT_LOC_STRINGS = NO;
				SWIFT_VERSION = 5.0;
				TARGETED_DEVICE_FAMILY = "1,2";
				TEST_HOST = "$(BUILT_PRODUCTS_DIR)/AsteroidGraphApp.app/$(BUNDLE_EXECUTABLE_FOLDER_PATH)/AsteroidGraphApp";
			};
			name = Debug;
		};
		5CB83D9C292FEC640088F5FE /* Release */ = {
			isa = XCBuildConfiguration;
			buildSettings = {
				ALWAYS_EMBED_SWIFT_STANDARD_LIBRARIES = YES;
				BUNDLE_LOADER = "$(TEST_HOST)";
				CODE_SIGN_STYLE = Automatic;
				CURRENT_PROJECT_VERSION = 1;
				GENERATE_INFOPLIST_FILE = YES;
				IPHONEOS_DEPLOYMENT_TARGET = 16.1;
				MARKETING_VERSION = 1.0;
				PRODUCT_BUNDLE_IDENTIFIER = com.apiTestDemo.AsteroidGraphAppTests;
				PRODUCT_NAME = "$(TARGET_NAME)";
				SWIFT_EMIT_LOC_STRINGS = NO;
				SWIFT_VERSION = 5.0;
				TARGETED_DEVICE_FAMILY = "1,2";
				TEST_HOST = "$(BUILT_PRODUCTS_DIR)/AsteroidGraphApp.app/$(BUNDLE_EXECUTABLE_FOLDER_PATH)/AsteroidGraphApp";
			};
			name = Release;
		};
		5CB83D9E292FEC640088F5FE /* Debug */ = {
			isa = XCBuildConfiguration;
			buildSettings = {
				ALWAYS_EMBED_SWIFT_STANDARD_LIBRARIES = YES;
				CODE_SIGN_STYLE = Automatic;
				CURRENT_PROJECT_VERSION = 1;
				GENERATE_INFOPLIST_FILE = YES;
				MARKETING_VERSION = 1.0;
				PRODUCT_BUNDLE_IDENTIFIER = com.apiTestDemo.AsteroidGraphAppUITests;
				PRODUCT_NAME = "$(TARGET_NAME)";
				SWIFT_EMIT_LOC_STRINGS = NO;
				SWIFT_VERSION = 5.0;
				TARGETED_DEVICE_FAMILY = "1,2";
				TEST_TARGET_NAME = AsteroidGraphApp;
			};
			name = Debug;
		};
		5CB83D9F292FEC640088F5FE /* Release */ = {
			isa = XCBuildConfiguration;
			buildSettings = {
				ALWAYS_EMBED_SWIFT_STANDARD_LIBRARIES = YES;
				CODE_SIGN_STYLE = Automatic;
				CURRENT_PROJECT_VERSION = 1;
				GENERATE_INFOPLIST_FILE = YES;
				MARKETING_VERSION = 1.0;
				PRODUCT_BUNDLE_IDENTIFIER = com.apiTestDemo.AsteroidGraphAppUITests;
				PRODUCT_NAME = "$(TARGET_NAME)";
				SWIFT_EMIT_LOC_STRINGS = NO;
				SWIFT_VERSION = 5.0;
				TARGETED_DEVICE_FAMILY = "1,2";
				TEST_TARGET_NAME = AsteroidGraphApp;
			};
			name = Release;
		};
/* End XCBuildConfiguration section */

/* Begin XCConfigurationList section */
		5CB83D68292FEC600088F5FE /* Build configuration list for PBXProject "AsteroidGraphApp" */ = {
			isa = XCConfigurationList;
			buildConfigurations = (
				5CB83D95292FEC640088F5FE /* Debug */,
				5CB83D96292FEC640088F5FE /* Release */,
			);
			defaultConfigurationIsVisible = 0;
			defaultConfigurationName = Release;
		};
		5CB83D97292FEC640088F5FE /* Build configuration list for PBXNativeTarget "AsteroidGraphApp" */ = {
			isa = XCConfigurationList;
			buildConfigurations = (
				5CB83D98292FEC640088F5FE /* Debug */,
				5CB83D99292FEC640088F5FE /* Release */,
			);
			defaultConfigurationIsVisible = 0;
			defaultConfigurationName = Release;
		};
		5CB83D9A292FEC640088F5FE /* Build configuration list for PBXNativeTarget "AsteroidGraphAppTests" */ = {
			isa = XCConfigurationList;
			buildConfigurations = (
				5CB83D9B292FEC640088F5FE /* Debug */,
				5CB83D9C292FEC640088F5FE /* Release */,
			);
			defaultConfigurationIsVisible = 0;
			defaultConfigurationName = Release;
		};
		5CB83D9D292FEC640088F5FE /* Build configuration list for PBXNativeTarget "AsteroidGraphAppUITests" */ = {
			isa = XCConfigurationList;
			buildConfigurations = (
				5CB83D9E292FEC640088F5FE /* Debug */,
				5CB83D9F292FEC640088F5FE /* Release */,
			);
			defaultConfigurationIsVisible = 0;
			defaultConfigurationName = Release;
		};
/* End XCConfigurationList section */

/* Begin XCRemoteSwiftPackageReference section */
		5C543C9329300A1100308464 /* XCRemoteSwiftPackageReference "Charts" */ = {
			isa = XCRemoteSwiftPackageReference;
			repositoryURL = "https://github.com/danielgindi/Charts.git";
			requirement = {
				kind = exactVersion;
				version = 4.1.0;
			};
		};
		5CB83DA0292FEC890088F5FE /* XCRemoteSwiftPackageReference "Alamofire" */ = {
			isa = XCRemoteSwiftPackageReference;
			repositoryURL = "https://github.com/Alamofire/Alamofire.git";
			requirement = {
				kind = exactVersion;
				version = 4.8.2;
			};
		};
/* End XCRemoteSwiftPackageReference section */

/* Begin XCSwiftPackageProductDependency section */
		5C543C9429300A1100308464 /* Charts */ = {
			isa = XCSwiftPackageProductDependency;
			package = 5C543C9329300A1100308464 /* XCRemoteSwiftPackageReference "Charts" */;
			productName = Charts;
		};
		5CB83DA1292FEC890088F5FE /* Alamofire */ = {
			isa = XCSwiftPackageProductDependency;
			package = 5CB83DA0292FEC890088F5FE /* XCRemoteSwiftPackageReference "Alamofire" */;
			productName = Alamofire;
		};
/* End XCSwiftPackageProductDependency section */
	};
	rootObject = 5CB83D65292FEC600088F5FE /* Project object */;
}
